
Microsoft Visual Studio Solution File, Format Version 12.00
# Visual Studio Version 16
VisualStudioVersion = 16.0.29905.134
MinimumVisualStudioVersion = 10.0.40219.1
Project("{FAE04EC0-301F-11D3-BF4B-00C04F79EFBC}") = "WCF_Lib", "WCF_Lib\WCF_Lib.csproj", "{5DF4DA33-A181-486C-81D8-66A66E8D7983}"
EndProject
Project("{FAE04EC0-301F-11D3-BF4B-00C04F79EFBC}") = "WpfClientNovaPoshta", "WpfClientNovaPoshta\WpfClientNovaPoshta.csproj", "{285499B4-ABFA-4486-898B-46ECC0244460}"
	ProjectSection(ProjectDependencies) = postProject
		{5DF4DA33-A181-486C-81D8-66A66E8D7983} = {5DF4DA33-A181-486C-81D8-66A66E8D7983}
	EndProjectSection
EndProject
Global
	GlobalSection(SolutionConfigurationPlatforms) = preSolution
		Debug|Any CPU = Debug|Any CPU
		Release|Any CPU = Release|Any CPU
	EndGlobalSection
	GlobalSection(ProjectConfigurationPlatforms) = postSolution
		{5DF4DA33-A181-486C-81D8-66A66E8D7983}.Debug|Any CPU.ActiveCfg = Debug|Any CPU
		{5DF4DA33-A181-486C-81D8-66A66E8D7983}.Debug|Any CPU.Build.0 = Debug|Any CPU
		{5DF4DA33-A181-486C-81D8-66A66E8D7983}.Release|Any CPU.ActiveCfg = Release|Any CPU
		{5DF4DA33-A181-486C-81D8-66A66E8D7983}.Release|Any CPU.Build.0 = Release|Any CPU
		{285499B4-ABFA-4486-898B-46ECC0244460}.Debug|Any CPU.ActiveCfg = Debug|Any CPU
		{285499B4-ABFA-4486-898B-46ECC0244460}.Debug|Any CPU.Build.0 = Debug|Any CPU
		{285499B4-ABFA-4486-898B-46ECC0244460}.Release|Any CPU.ActiveCfg = Release|Any CPU
		{285499B4-ABFA-4486-898B-46ECC0244460}.Release|Any CPU.Build.0 = Release|Any CPU
	EndGlobalSection
	GlobalSection(SolutionProperties) = preSolution
		HideSolutionNode = FALSE
	EndGlobalSection
	GlobalSection(ExtensibilityGlobals) = postSolution
		SolutionGuid = {9BCBBDCA-14E1-400C-9B15-43CA7521432A}
	EndGlobalSection
EndGlobal
